// !$*UTF8*$!
{
	archiveVersion = 1;
	classes = {
	};
	objectVersion = 56;
	objects = {

/* Begin PBXBuildFile section */
		C337A9A12C5FE4650040789E /* SparkAppApp.swift in Sources */ = {isa = PBXBuildFile; fileRef = C337A9A02C5FE4650040789E /* SparkAppApp.swift */; };
		C337A9A32C5FE4650040789E /* ContentView.swift in Sources */ = {isa = PBXBuildFile; fileRef = C337A9A22C5FE4650040789E /* ContentView.swift */; };
		C337A9A52C5FE4650040789E /* Item.swift in Sources */ = {isa = PBXBuildFile; fileRef = C337A9A42C5FE4650040789E /* Item.swift */; };
		C337A9A72C5FE4660040789E /* Assets.xcassets in Resources */ = {isa = PBXBuildFile; fileRef = C337A9A62C5FE4660040789E /* Assets.xcassets */; };
		C337A9AA2C5FE4660040789E /* Preview Assets.xcassets in Resources */ = {isa = PBXBuildFile; fileRef = C337A9A92C5FE4660040789E /* Preview Assets.xcassets */; };
		C337A9B42C5FE4660040789E /* SparkAppTests.swift in Sources */ = {isa = PBXBuildFile; fileRef = C337A9B32C5FE4660040789E /* SparkAppTests.swift */; };
		C337A9BE2C5FE4660040789E /* SparkAppUITests.swift in Sources */ = {isa = PBXBuildFile; fileRef = C337A9BD2C5FE4660040789E /* SparkAppUITests.swift */; };
		C337A9C02C5FE4660040789E /* SparkAppUITestsLaunchTests.swift in Sources */ = {isa = PBXBuildFile; fileRef = C337A9BF2C5FE4660040789E /* SparkAppUITestsLaunchTests.swift */; };
/* End PBXBuildFile section */

/* Begin PBXContainerItemProxy section */
		C337A9B02C5FE4660040789E /* PBXContainerItemProxy */ = {
			isa = PBXContainerItemProxy;
			containerPortal = C337A9952C5FE4650040789E /* Project object */;
			proxyType = 1;
			remoteGlobalIDString = C337A99C2C5FE4650040789E;
			remoteInfo = SparkApp;
		};
		C337A9BA2C5FE4660040789E /* PBXContainerItemProxy */ = {
			isa = PBXContainerItemProxy;
			containerPortal = C337A9952C5FE4650040789E /* Project object */;
			proxyType = 1;
			remoteGlobalIDString = C337A99C2C5FE4650040789E;
			remoteInfo = SparkApp;
		};
/* End PBXContainerItemProxy section */

/* Begin PBXFileReference section */
		C337A99D2C5FE4650040789E /* SparkApp.app */ = {isa = PBXFileReference; explicitFileType = wrapper.application; includeInIndex = 0; path = SparkApp.app; sourceTree = BUILT_PRODUCTS_DIR; };
		C337A9A02C5FE4650040789E /* SparkAppApp.swift */ = {isa = PBXFileReference; lastKnownFileType = sourcecode.swift; path = SparkAppApp.swift; sourceTree = "<group>"; };
		C337A9A22C5FE4650040789E /* ContentView.swift */ = {isa = PBXFileReference; lastKnownFileType = sourcecode.swift; path = ContentView.swift; sourceTree = "<group>"; };
		C337A9A42C5FE4650040789E /* Item.swift */ = {isa = PBXFileReference; lastKnownFileType = sourcecode.swift; path = Item.swift; sourceTree = "<group>"; };
		C337A9A62C5FE4660040789E /* Assets.xcassets */ = {isa = PBXFileReference; lastKnownFileType = folder.assetcatalog; path = Assets.xcassets; sourceTree = "<group>"; };
		C337A9A92C5FE4660040789E /* Preview Assets.xcassets */ = {isa = PBXFileReference; lastKnownFileType = folder.assetcatalog; path = "Preview Assets.xcassets"; sourceTree = "<group>"; };
		C337A9AF2C5FE4660040789E /* SparkAppTests.xctest */ = {isa = PBXFileReference; explicitFileType = wrapper.cfbundle; includeInIndex = 0; path = SparkAppTests.xctest; sourceTree = BUILT_PRODUCTS_DIR; };
		C337A9B32C5FE4660040789E /* SparkAppTests.swift */ = {isa = PBXFileReference; lastKnownFileType = sourcecode.swift; path = SparkAppTests.swift; sourceTree = "<group>"; };
		C337A9B92C5FE4660040789E /* SparkAppUITests.xctest */ = {isa = PBXFileReference; explicitFileType = wrapper.cfbundle; includeInIndex = 0; path = SparkAppUITests.xctest; sourceTree = BUILT_PRODUCTS_DIR; };
		C337A9BD2C5FE4660040789E /* SparkAppUITests.swift */ = {isa = PBXFileReference; lastKnownFileType = sourcecode.swift; path = SparkAppUITests.swift; sourceTree = "<group>"; };
		C337A9BF2C5FE4660040789E /* SparkAppUITestsLaunchTests.swift */ = {isa = PBXFileReference; lastKnownFileType = sourcecode.swift; path = SparkAppUITestsLaunchTests.swift; sourceTree = "<group>"; };
/* End PBXFileReference section */

/* Begin PBXFrameworksBuildPhase section */
		C337A99A2C5FE4650040789E /* Frameworks */ = {
			isa = PBXFrameworksBuildPhase;
			buildActionMask = 2147483647;
			files = (
			);
			runOnlyForDeploymentPostprocessing = 0;
		};
		C337A9AC2C5FE4660040789E /* Frameworks */ = {
			isa = PBXFrameworksBuildPhase;
			buildActionMask = 2147483647;
			files = (
			);
			runOnlyForDeploymentPostprocessing = 0;
		};
		C337A9B62C5FE4660040789E /* Frameworks */ = {
			isa = PBXFrameworksBuildPhase;
			buildActionMask = 2147483647;
			files = (
			);
			runOnlyForDeploymentPostprocessing = 0;
		};
/* End PBXFrameworksBuildPhase section */

/* Begin PBXGroup section */
		C337A9942C5FE4650040789E = {
			isa = PBXGroup;
			children = (
				C337A99F2C5FE4650040789E /* SparkApp */,
				C337A9B22C5FE4660040789E /* SparkAppTests */,
				C337A9BC2C5FE4660040789E /* SparkAppUITests */,
				C337A99E2C5FE4650040789E /* Products */,
			);
			sourceTree = "<group>";
		};
		C337A99E2C5FE4650040789E /* Products */ = {
			isa = PBXGroup;
			children = (
				C337A99D2C5FE4650040789E /* SparkApp.app */,
				C337A9AF2C5FE4660040789E /* SparkAppTests.xctest */,
				C337A9B92C5FE4660040789E /* SparkAppUITests.xctest */,
			);
			name = Products;
			sourceTree = "<group>";
		};
		C337A99F2C5FE4650040789E /* SparkApp */ = {
			isa = PBXGroup;
			children = (
				C337A9A02C5FE4650040789E /* SparkAppApp.swift */,
				C337A9A22C5FE4650040789E /* ContentView.swift */,
				C337A9A42C5FE4650040789E /* Item.swift */,
				C337A9A62C5FE4660040789E /* Assets.xcassets */,
				C337A9A82C5FE4660040789E /* Preview Content */,
			);
			path = SparkApp;
			sourceTree = "<group>";
		};
		C337A9A82C5FE4660040789E /* Preview Content */ = {
			isa = PBXGroup;
			children = (
				C337A9A92C5FE4660040789E /* Preview Assets.xcassets */,
			);
			path = "Preview Content";
			sourceTree = "<group>";
		};
		C337A9B22C5FE4660040789E /* SparkAppTests */ = {
			isa = PBXGroup;
			children = (
				C337A9B32C5FE4660040789E /* SparkAppTests.swift */,
			);
			path = SparkAppTests;
			sourceTree = "<group>";
		};
		C337A9BC2C5FE4660040789E /* SparkAppUITests */ = {
			isa = PBXGroup;
			children = (
				C337A9BD2C5FE4660040789E /* SparkAppUITests.swift */,
				C337A9BF2C5FE4660040789E /* SparkAppUITestsLaunchTests.swift */,
			);
			path = SparkAppUITests;
			sourceTree = "<group>";
		};
/* End PBXGroup section */

/* Begin PBXNativeTarget section */
		C337A99C2C5FE4650040789E /* SparkApp */ = {
			isa = PBXNativeTarget;
			buildConfigurationList = C337A9C32C5FE4660040789E /* Build configuration list for PBXNativeTarget "SparkApp" */;
			buildPhases = (
				C337A9992C5FE4650040789E /* Sources */,
				C337A99A2C5FE4650040789E /* Frameworks */,
				C337A99B2C5FE4650040789E /* Resources */,
			);
			buildRules = (
			);
			dependencies = (
			);
			name = SparkApp;
			productName = SparkApp;
			productReference = C337A99D2C5FE4650040789E /* SparkApp.app */;
			productType = "com.apple.product-type.application";
		};
		C337A9AE2C5FE4660040789E /* SparkAppTests */ = {
			isa = PBXNativeTarget;
			buildConfigurationList = C337A9C62C5FE4660040789E /* Build configuration list for PBXNativeTarget "SparkAppTests" */;
			buildPhases = (
				C337A9AB2C5FE4660040789E /* Sources */,
				C337A9AC2C5FE4660040789E /* Frameworks */,
				C337A9AD2C5FE4660040789E /* Resources */,
			);
			buildRules = (
			);
			dependencies = (
				C337A9B12C5FE4660040789E /* PBXTargetDependency */,
			);
			name = SparkAppTests;
			productName = SparkAppTests;
			productReference = C337A9AF2C5FE4660040789E /* SparkAppTests.xctest */;
			productType = "com.apple.product-type.bundle.unit-test";
		};
		C337A9B82C5FE4660040789E /* SparkAppUITests */ = {
			isa = PBXNativeTarget;
			buildConfigurationList = C337A9C92C5FE4660040789E /* Build configuration list for PBXNativeTarget "SparkAppUITests" */;
			buildPhases = (
				C337A9B52C5FE4660040789E /* Sources */,
				C337A9B62C5FE4660040789E /* Frameworks */,
				C337A9B72C5FE4660040789E /* Resources */,
			);
			buildRules = (
			);
			dependencies = (
				C337A9BB2C5FE4660040789E /* PBXTargetDependency */,
			);
			name = SparkAppUITests;
			productName = SparkAppUITests;
			productReference = C337A9B92C5FE4660040789E /* SparkAppUITests.xctest */;
			productType = "com.apple.product-type.bundle.ui-testing";
		};
/* End PBXNativeTarget section */

/* Begin PBXProject section */
		C337A9952C5FE4650040789E /* Project object */ = {
			isa = PBXProject;
			attributes = {
				BuildIndependentTargetsInParallel = 1;
				LastSwiftUpdateCheck = 1540;
				LastUpgradeCheck = 1540;
				TargetAttributes = {
					C337A99C2C5FE4650040789E = {
						CreatedOnToolsVersion = 15.4;
					};
					C337A9AE2C5FE4660040789E = {
						CreatedOnToolsVersion = 15.4;
						TestTargetID = C337A99C2C5FE4650040789E;
					};
					C337A9B82C5FE4660040789E = {
						CreatedOnToolsVersion = 15.4;
						TestTargetID = C337A99C2C5FE4650040789E;
					};
				};
			};
			buildConfigurationList = C337A9982C5FE4650040789E /* Build configuration list for PBXProject "SparkApp" */;
			compatibilityVersion = "Xcode 14.0";
			developmentRegion = en;
			hasScannedForEncodings = 0;
			knownRegions = (
				en,
				Base,
			);
			mainGroup = C337A9942C5FE4650040789E;
			productRefGroup = C337A99E2C5FE4650040789E /* Products */;
			projectDirPath = "";
			projectRoot = "";
			targets = (
				C337A99C2C5FE4650040789E /* SparkApp */,
				C337A9AE2C5FE4660040789E /* SparkAppTests */,
				C337A9B82C5FE4660040789E /* SparkAppUITests */,
			);
		};
/* End PBXProject section */

/* Begin PBXResourcesBuildPhase section */
		C337A99B2C5FE4650040789E /* Resources */ = {
			isa = PBXResourcesBuildPhase;
			buildActionMask = 2147483647;
			files = (
				C337A9AA2C5FE4660040789E /* Preview Assets.xcassets in Resources */,
				C337A9A72C5FE4660040789E /* Assets.xcassets in Resources */,
			);
			runOnlyForDeploymentPostprocessing = 0;
		};
		C337A9AD2C5FE4660040789E /* Resources */ = {
			isa = PBXResourcesBuildPhase;
			buildActionMask = 2147483647;
			files = (
			);
			runOnlyForDeploymentPostprocessing = 0;
		};
		C337A9B72C5FE4660040789E /* Resources */ = {
			isa = PBXResourcesBuildPhase;
			buildActionMask = 2147483647;
			files = (
			);
			runOnlyForDeploymentPostprocessing = 0;
		};
/* End PBXResourcesBuildPhase section */

/* Begin PBXSourcesBuildPhase section */
		C337A9992C5FE4650040789E /* Sources */ = {
			isa = PBXSourcesBuildPhase;
			buildActionMask = 2147483647;
			files = (
				C337A9A32C5FE4650040789E /* ContentView.swift in Sources */,
				C337A9A52C5FE4650040789E /* Item.swift in Sources */,
				C337A9A12C5FE4650040789E /* SparkAppApp.swift in Sources */,
			);
			runOnlyForDeploymentPostprocessing = 0;
		};
		C337A9AB2C5FE4660040789E /* Sources */ = {
			isa = PBXSourcesBuildPhase;
			buildActionMask = 2147483647;
			files = (
				C337A9B42C5FE4660040789E /* SparkAppTests.swift in Sources */,
			);
			runOnlyForDeploymentPostprocessing = 0;
		};
		C337A9B52C5FE4660040789E /* Sources */ = {
			isa = PBXSourcesBuildPhase;
			buildActionMask = 2147483647;
			files = (
				C337A9C02C5FE4660040789E /* SparkAppUITestsLaunchTests.swift in Sources */,
				C337A9BE2C5FE4660040789E /* SparkAppUITests.swift in Sources */,
			);
			runOnlyForDeploymentPostprocessing = 0;
		};
/* End PBXSourcesBuildPhase section */

/* Begin PBXTargetDependency section */
		C337A9B12C5FE4660040789E /* PBXTargetDependency */ = {
			isa = PBXTargetDependency;
			target = C337A99C2C5FE4650040789E /* SparkApp */;
			targetProxy = C337A9B02C5FE4660040789E /* PBXContainerItemProxy */;
		};
		C337A9BB2C5FE4660040789E /* PBXTargetDependency */ = {
			isa = PBXTargetDependency;
			target = C337A99C2C5FE4650040789E /* SparkApp */;
			targetProxy = C337A9BA2C5FE4660040789E /* PBXContainerItemProxy */;
		};
/* End PBXTargetDependency section */

/* Begin XCBuildConfiguration section */
		C337A9C12C5FE4660040789E /* Debug */ = {
			isa = XCBuildConfiguration;
			buildSettings = {
				ALWAYS_SEARCH_USER_PATHS = NO;
				ASSETCATALOG_COMPILER_GENERATE_SWIFT_ASSET_SYMBOL_EXTENSIONS = YES;
				CLANG_ANALYZER_NONNULL = YES;
				CLANG_ANALYZER_NUMBER_OBJECT_CONVERSION = YES_AGGRESSIVE;
				CLANG_CXX_LANGUAGE_STANDARD = "gnu++20";
				CLANG_ENABLE_MODULES = YES;
				CLANG_ENABLE_OBJC_ARC = YES;
				CLANG_ENABLE_OBJC_WEAK = YES;
				CLANG_WARN_BLOCK_CAPTURE_AUTORELEASING = YES;
				CLANG_WARN_BOOL_CONVERSION = YES;
				CLANG_WARN_COMMA = YES;
				CLANG_WARN_CONSTANT_CONVERSION = YES;
				CLANG_WARN_DEPRECATED_OBJC_IMPLEMENTATIONS = YES;
				CLANG_WARN_DIRECT_OBJC_ISA_USAGE = YES_ERROR;
				CLANG_WARN_DOCUMENTATION_COMMENTS = YES;
				CLANG_WARN_EMPTY_BODY = YES;
				CLANG_WARN_ENUM_CONVERSION = YES;
				CLANG_WARN_INFINITE_RECURSION = YES;
				CLANG_WARN_INT_CONVERSION = YES;
				CLANG_WARN_NON_LITERAL_NULL_CONVERSION = YES;
				CLANG_WARN_OBJC_IMPLICIT_RETAIN_SELF = YES;
				CLANG_WARN_OBJC_LITERAL_CONVERSION = YES;
				CLANG_WARN_OBJC_ROOT_CLASS = YES_ERROR;
				CLANG_WARN_QUOTED_INCLUDE_IN_FRAMEWORK_HEADER = YES;
				CLANG_WARN_RANGE_LOOP_ANALYSIS = YES;
				CLANG_WARN_STRICT_PROTOTYPES = YES;
				CLANG_WARN_SUSPICIOUS_MOVE = YES;
				CLANG_WARN_UNGUARDED_AVAILABILITY = YES_AGGRESSIVE;
				CLANG_WARN_UNREACHABLE_CODE = YES;
				CLANG_WARN__DUPLICATE_METHOD_MATCH = YES;
				COPY_PHASE_STRIP = NO;
				DEBUG_INFORMATION_FORMAT = dwarf;
				ENABLE_STRICT_OBJC_MSGSEND = YES;
				ENABLE_TESTABILITY = YES;
				ENABLE_USER_SCRIPT_SANDBOXING = YES;
				GCC_C_LANGUAGE_STANDARD = gnu17;
				GCC_DYNAMIC_NO_PIC = NO;
				GCC_NO_COMMON_BLOCKS = YES;
				GCC_OPTIMIZATION_LEVEL = 0;
				GCC_PREPROCESSOR_DEFINITIONS = (
					"DEBUG=1",
					"$(inherited)",
				);
				GCC_WARN_64_TO_32_BIT_CONVERSION = YES;
				GCC_WARN_ABOUT_RETURN_TYPE = YES_ERROR;
				GCC_WARN_UNDECLARED_SELECTOR = YES;
				GCC_WARN_UNINITIALIZED_AUTOS = YES_AGGRESSIVE;
				GCC_WARN_UNUSED_FUNCTION = YES;
				GCC_WARN_UNUSED_VARIABLE = YES;
				IPHONEOS_DEPLOYMENT_TARGET = 17.5;
				LOCALIZATION_PREFERS_STRING_CATALOGS = YES;
				MTL_ENABLE_DEBUG_INFO = INCLUDE_SOURCE;
				MTL_FAST_MATH = YES;
				ONLY_ACTIVE_ARCH = YES;
				SDKROOT = iphoneos;
				SWIFT_ACTIVE_COMPILATION_CONDITIONS = "DEBUG $(inherited)";
				SWIFT_OPTIMIZATION_LEVEL = "-Onone";
			};
			name = Debug;
		};
		C337A9C22C5FE4660040789E /* Release */ = {
			isa = XCBuildConfiguration;
			buildSettings = {
				ALWAYS_SEARCH_USER_PATHS = NO;
				ASSETCATALOG_COMPILER_GENERATE_SWIFT_ASSET_SYMBOL_EXTENSIONS = YES;
				CLANG_ANALYZER_NONNULL = YES;
				CLANG_ANALYZER_NUMBER_OBJECT_CONVERSION = YES_AGGRESSIVE;
				CLANG_CXX_LANGUAGE_STANDARD = "gnu++20";
				CLANG_ENABLE_MODULES = YES;
				CLANG_ENABLE_OBJC_ARC = YES;
				CLANG_ENABLE_OBJC_WEAK = YES;
				CLANG_WARN_BLOCK_CAPTURE_AUTORELEASING = YES;
				CLANG_WARN_BOOL_CONVERSION = YES;
				CLANG_WARN_COMMA = YES;
				CLANG_WARN_CONSTANT_CONVERSION = YES;
				CLANG_WARN_DEPRECATED_OBJC_IMPLEMENTATIONS = YES;
				CLANG_WARN_DIRECT_OBJC_ISA_USAGE = YES_ERROR;
				CLANG_WARN_DOCUMENTATION_COMMENTS = YES;
				CLANG_WARN_EMPTY_BODY = YES;
				CLANG_WARN_ENUM_CONVERSION = YES;
				CLANG_WARN_INFINITE_RECURSION = YES;
				CLANG_WARN_INT_CONVERSION = YES;
				CLANG_WARN_NON_LITERAL_NULL_CONVERSION = YES;
				CLANG_WARN_OBJC_IMPLICIT_RETAIN_SELF = YES;
				CLANG_WARN_OBJC_LITERAL_CONVERSION = YES;
				CLANG_WARN_OBJC_ROOT_CLASS = YES_ERROR;
				CLANG_WARN_QUOTED_INCLUDE_IN_FRAMEWORK_HEADER = YES;
				CLANG_WARN_RANGE_LOOP_ANALYSIS = YES;
				CLANG_WARN_STRICT_PROTOTYPES = YES;
				CLANG_WARN_SUSPICIOUS_MOVE = YES;
				CLANG_WARN_UNGUARDED_AVAILABILITY = YES_AGGRESSIVE;
				CLANG_WARN_UNREACHABLE_CODE = YES;
				CLANG_WARN__DUPLICATE_METHOD_MATCH = YES;
				COPY_PHASE_STRIP = NO;
				DEBUG_INFORMATION_FORMAT = "dwarf-with-dsym";
				ENABLE_NS_ASSERTIONS = NO;
				ENABLE_STRICT_OBJC_MSGSEND = YES;
				ENABLE_USER_SCRIPT_SANDBOXING = YES;
				GCC_C_LANGUAGE_STANDARD = gnu17;
				GCC_NO_COMMON_BLOCKS = YES;
				GCC_WARN_64_TO_32_BIT_CONVERSION = YES;
				GCC_WARN_ABOUT_RETURN_TYPE = YES_ERROR;
				GCC_WARN_UNDECLARED_SELECTOR = YES;
				GCC_WARN_UNINITIALIZED_AUTOS = YES_AGGRESSIVE;
				GCC_WARN_UNUSED_FUNCTION = YES;
				GCC_WARN_UNUSED_VARIABLE = YES;
				IPHONEOS_DEPLOYMENT_TARGET = 17.5;
				LOCALIZATION_PREFERS_STRING_CATALOGS = YES;
				MTL_ENABLE_DEBUG_INFO = NO;
				MTL_FAST_MATH = YES;
				SDKROOT = iphoneos;
				SWIFT_COMPILATION_MODE = wholemodule;
				VALIDATE_PRODUCT = YES;
			};
			name = Release;
		};
		C337A9C42C5FE4660040789E /* Debug */ = {
			isa = XCBuildConfiguration;
			buildSettings = {
				ASSETCATALOG_COMPILER_APPICON_NAME = AppIcon;
				ASSETCATALOG_COMPILER_GLOBAL_ACCENT_COLOR_NAME = AccentColor;
				CODE_SIGN_STYLE = Automatic;
				CURRENT_PROJECT_VERSION = 1;
				DEVELOPMENT_ASSET_PATHS = "\"SparkApp/Preview Content\"";
				DEVELOPMENT_TEAM = 4R55F73KCP;
				ENABLE_PREVIEWS = YES;
				GENERATE_INFOPLIST_FILE = YES;
				INFOPLIST_KEY_UIApplicationSceneManifest_Generation = YES;
				INFOPLIST_KEY_UIApplicationSupportsIndirectInputEvents = YES;
				INFOPLIST_KEY_UILaunchScreen_Generation = YES;
				INFOPLIST_KEY_UISupportedInterfaceOrientations_iPad = "UIInterfaceOrientationPortrait UIInterfaceOrientationPortraitUpsideDown UIInterfaceOrientationLandscapeLeft UIInterfaceOrientationLandscapeRight";
				INFOPLIST_KEY_UISupportedInterfaceOrientations_iPhone = "UIInterfaceOrientationPortrait UIInterfaceOrientationLandscapeLeft UIInterfaceOrientationLandscapeRight";
				LD_RUNPATH_SEARCH_PATHS = (
					"$(inherited)",
					"@executable_path/Frameworks",
				);
				MARKETING_VERSION = 1.0;
				PRODUCT_BUNDLE_IDENTIFIER = fbablu.SparkApp;
				PRODUCT_NAME = "$(TARGET_NAME)";
				SWIFT_EMIT_LOC_STRINGS = YES;
				SWIFT_VERSION = 5.0;
				TARGETED_DEVICE_FAMILY = "1,2";
			};
			name = Debug;
		};
		C337A9C52C5FE4660040789E /* Release */ = {
			isa = XCBuildConfiguration;
			buildSettings = {
				ASSETCATALOG_COMPILER_APPICON_NAME = AppIcon;
				ASSETCATALOG_COMPILER_GLOBAL_ACCENT_COLOR_NAME = AccentColor;
				CODE_SIGN_STYLE = Automatic;
				CURRENT_PROJECT_VERSION = 1;
				DEVELOPMENT_ASSET_PATHS = "\"SparkApp/Preview Content\"";
				DEVELOPMENT_TEAM = 4R55F73KCP;
				ENABLE_PREVIEWS = YES;
				GENERATE_INFOPLIST_FILE = YES;
				INFOPLIST_KEY_UIApplicationSceneManifest_Generation = YES;
				INFOPLIST_KEY_UIApplicationSupportsIndirectInputEvents = YES;
				INFOPLIST_KEY_UILaunchScreen_Generation = YES;
				INFOPLIST_KEY_UISupportedInterfaceOrientations_iPad = "UIInterfaceOrientationPortrait UIInterfaceOrientationPortraitUpsideDown UIInterfaceOrientationLandscapeLeft UIInterfaceOrientationLandscapeRight";
				INFOPLIST_KEY_UISupportedInterfaceOrientations_iPhone = "UIInterfaceOrientationPortrait UIInterfaceOrientationLandscapeLeft UIInterfaceOrientationLandscapeRight";
				LD_RUNPATH_SEARCH_PATHS = (
					"$(inherited)",
					"@executable_path/Frameworks",
				);
				MARKETING_VERSION = 1.0;
				PRODUCT_BUNDLE_IDENTIFIER = fbablu.SparkApp;
				PRODUCT_NAME = "$(TARGET_NAME)";
				SWIFT_EMIT_LOC_STRINGS = YES;
				SWIFT_VERSION = 5.0;
				TARGETED_DEVICE_FAMILY = "1,2";
			};
			name = Release;
		};
		C337A9C72C5FE4660040789E /* Debug */ = {
			isa = XCBuildConfiguration;
			buildSettings = {
				ALWAYS_EMBED_SWIFT_STANDARD_LIBRARIES = YES;
				BUNDLE_LOADER = "$(TEST_HOST)";
				CODE_SIGN_STYLE = Automatic;
				CURRENT_PROJECT_VERSION = 1;
				DEVELOPMENT_TEAM = 4R55F73KCP;
				GENERATE_INFOPLIST_FILE = YES;
				IPHONEOS_DEPLOYMENT_TARGET = 17.5;
				MARKETING_VERSION = 1.0;
				PRODUCT_BUNDLE_IDENTIFIER = fbablu.SparkAppTests;
				PRODUCT_NAME = "$(TARGET_NAME)";
				SWIFT_EMIT_LOC_STRINGS = NO;
				SWIFT_VERSION = 5.0;
				TARGETED_DEVICE_FAMILY = "1,2";
				TEST_HOST = "$(BUILT_PRODUCTS_DIR)/SparkApp.app/$(BUNDLE_EXECUTABLE_FOLDER_PATH)/SparkApp";
			};
			name = Debug;
		};
		C337A9C82C5FE4660040789E /* Release */ = {
			isa = XCBuildConfiguration;
			buildSettings = {
				ALWAYS_EMBED_SWIFT_STANDARD_LIBRARIES = YES;
				BUNDLE_LOADER = "$(TEST_HOST)";
				CODE_SIGN_STYLE = Automatic;
				CURRENT_PROJECT_VERSION = 1;
				DEVELOPMENT_TEAM = 4R55F73KCP;
				GENERATE_INFOPLIST_FILE = YES;
				IPHONEOS_DEPLOYMENT_TARGET = 17.5;
				MARKETING_VERSION = 1.0;
				PRODUCT_BUNDLE_IDENTIFIER = fbablu.SparkAppTests;
				PRODUCT_NAME = "$(TARGET_NAME)";
				SWIFT_EMIT_LOC_STRINGS = NO;
				SWIFT_VERSION = 5.0;
				TARGETED_DEVICE_FAMILY = "1,2";
				TEST_HOST = "$(BUILT_PRODUCTS_DIR)/SparkApp.app/$(BUNDLE_EXECUTABLE_FOLDER_PATH)/SparkApp";
			};
			name = Release;
		};
		C337A9CA2C5FE4660040789E /* Debug */ = {
			isa = XCBuildConfiguration;
			buildSettings = {
				ALWAYS_EMBED_SWIFT_STANDARD_LIBRARIES = YES;
				CODE_SIGN_STYLE = Automatic;
				CURRENT_PROJECT_VERSION = 1;
				DEVELOPMENT_TEAM = 4R55F73KCP;
				GENERATE_INFOPLIST_FILE = YES;
				MARKETING_VERSION = 1.0;
				PRODUCT_BUNDLE_IDENTIFIER = fbablu.SparkAppUITests;
				PRODUCT_NAME = "$(TARGET_NAME)";
				SWIFT_EMIT_LOC_STRINGS = NO;
				SWIFT_VERSION = 5.0;
				TARGETED_DEVICE_FAMILY = "1,2";
				TEST_TARGET_NAME = SparkApp;
			};
			name = Debug;
		};
		C337A9CB2C5FE4660040789E /* Release */ = {
			isa = XCBuildConfiguration;
			buildSettings = {
				ALWAYS_EMBED_SWIFT_STANDARD_LIBRARIES = YES;
				CODE_SIGN_STYLE = Automatic;
				CURRENT_PROJECT_VERSION = 1;
				DEVELOPMENT_TEAM = 4R55F73KCP;
				GENERATE_INFOPLIST_FILE = YES;
				MARKETING_VERSION = 1.0;
				PRODUCT_BUNDLE_IDENTIFIER = fbablu.SparkAppUITests;
				PRODUCT_NAME = "$(TARGET_NAME)";
				SWIFT_EMIT_LOC_STRINGS = NO;
				SWIFT_VERSION = 5.0;
				TARGETED_DEVICE_FAMILY = "1,2";
				TEST_TARGET_NAME = SparkApp;
			};
			name = Release;
		};
/* End XCBuildConfiguration section */

/* Begin XCConfigurationList section */
		C337A9982C5FE4650040789E /* Build configuration list for PBXProject "SparkApp" */ = {
			isa = XCConfigurationList;
			buildConfigurations = (
				C337A9C12C5FE4660040789E /* Debug */,
				C337A9C22C5FE4660040789E /* Release */,
			);
			defaultConfigurationIsVisible = 0;
			defaultConfigurationName = Release;
		};
		C337A9C32C5FE4660040789E /* Build configuration list for PBXNativeTarget "SparkApp" */ = {
			isa = XCConfigurationList;
			buildConfigurations = (
				C337A9C42C5FE4660040789E /* Debug */,
				C337A9C52C5FE4660040789E /* Release */,
			);
			defaultConfigurationIsVisible = 0;
			defaultConfigurationName = Release;
		};
		C337A9C62C5FE4660040789E /* Build configuration list for PBXNativeTarget "SparkAppTests" */ = {
			isa = XCConfigurationList;
			buildConfigurations = (
				C337A9C72C5FE4660040789E /* Debug */,
				C337A9C82C5FE4660040789E /* Release */,
			);
			defaultConfigurationIsVisible = 0;
			defaultConfigurationName = Release;
		};
		C337A9C92C5FE4660040789E /* Build configuration list for PBXNativeTarget "SparkAppUITests" */ = {
			isa = XCConfigurationList;
			buildConfigurations = (
				C337A9CA2C5FE4660040789E /* Debug */,
				C337A9CB2C5FE4660040789E /* Release */,
			);
			defaultConfigurationIsVisible = 0;
			defaultConfigurationName = Release;
		};
/* End XCConfigurationList section */
	};
	rootObject = C337A9952C5FE4650040789E /* Project object */;
}
